# THIS IS AN AUTOGENERATED FILE. DO NOT EDIT THIS FILE DIRECTLY.
# yarn lockfile v1


"@lit-labs/ssr-dom-shim@^1.2.0":
  version "1.3.0"
  resolved "https://registry.yarnpkg.com/@lit-labs/ssr-dom-shim/-/ssr-dom-shim-1.3.0.tgz#a28799c463177d1a0b0e5cefdc173da5ac859eb4"
  integrity sha512-nQIWonJ6eFAvUUrSlwyHDm/aE8PBDu5kRpL0vHMg6K8fK3Diq1xdPjTnsJSwxABhaZ+5eBi1btQB5ShUTKo4nQ==

"@lit/reactive-element@^1.0.0 || ^2.0.0":
  version "2.1.0"
  resolved "https://registry.yarnpkg.com/@lit/reactive-element/-/reactive-element-2.1.0.tgz#177148214488068ae209669040b7ce0f4dcc0d36"
  integrity sha512-L2qyoZSQClcBmq0qajBVbhYEcG6iK0XfLn66ifLe/RfC0/ihpc+pl0Wdn8bJ8o+hj38cG0fGXRgSS20MuXn7qA==
  dependencies:
    "@lit-labs/ssr-dom-shim" "^1.2.0"

"@lit/reactive-element@^2.0.4":
  version "2.0.4"
  resolved "https://registry.yarnpkg.com/@lit/reactive-element/-/reactive-element-2.0.4.tgz#8f2ed950a848016383894a26180ff06c56ae001b"
  integrity sha512-GFn91inaUa2oHLak8awSIigYz0cU0Payr1rcFsrkf5OJ5eSPxElyZfKh0f2p9FsTiZWXQdWGJeXZICEfXXYSXQ==
  dependencies:
    "@lit-labs/ssr-dom-shim" "^1.2.0"

"@lit/task@^1.0.2":
  version "1.0.2"
  resolved "https://registry.yarnpkg.com/@lit/task/-/task-1.0.2.tgz#2d1da95c3cdbb371479944eead3f1d9bf2c60bbb"
  integrity sha512-ofj/fahKhhS1SpbPSC57OMo2BXMxHG/y4sxH/ahWzXT5dh1kxjex7WqbL8ammb6zIlqbFCj6z2aGFYOh/qCQ+g==
  dependencies:
    "@lit/reactive-element" "^1.0.0 || ^2.0.0"

"@types/trusted-types@^2.0.2":
  version "2.0.7"
  resolved "https://registry.yarnpkg.com/@types/trusted-types/-/trusted-types-2.0.7.tgz#baccb07a970b91707df3a3e8ba6896c57ead2d11"
  integrity sha512-ScaPdn1dQczgbl0QFTeTOmVHFULt394XJgOQNoyVhZ6r2vLnMLJfBPd53SB52T/3G36VI1/g2MZaX0cwDuXsfw==

"@types/w3c-web-usb@^1.0.10":
  version "1.0.10"
  resolved "https://registry.yarnpkg.com/@types/w3c-web-usb/-/w3c-web-usb-1.0.10.tgz#cf89cccd2d93b6245e784c19afe0a9f5038d4528"
  integrity sha512-CHgUI5kTc/QLMP8hODUHhge0D4vx+9UiAwIGiT0sTy/B2XpdX1U5rJt6JSISgr6ikRT7vxV9EVAFeYZqUnl1gQ==

"@types/wicg-file-system-access@^2023.10.6":
  version "2023.10.6"
  resolved "https://registry.yarnpkg.com/@types/wicg-file-system-access/-/wicg-file-system-access-2023.10.6.tgz#cd8149b14c31b73a53478e656790873945e73ba1"
  integrity sha512-YO/183gNRzZFSdKu+ikkD7ambAj4PhgjFAF2A/Mw/7wroSF6ne8r804RkpZzqrJ/F6DO2/IYlQF/ULOZ/bhKyA==

lit-element@^4.1.0:
  version "4.1.1"
  resolved "https://registry.yarnpkg.com/lit-element/-/lit-element-4.1.1.tgz#07905992815076e388cf6f1faffc7d6866c82007"
  integrity sha512-HO9Tkkh34QkTeUmEdNYhMT8hzLid7YlMlATSi1q4q17HE5d9mrrEHJ/o8O2D0cMi182zK1F3v7x0PWFjrhXFew==
  dependencies:
    "@lit-labs/ssr-dom-shim" "^1.2.0"
    "@lit/reactive-element" "^2.0.4"
    lit-html "^3.2.0"

lit-html@^3.2.0:
  version "3.2.1"
  resolved "https://registry.yarnpkg.com/lit-html/-/lit-html-3.2.1.tgz#8fc49e3531ee5947e4d93e8a5aa642ab1649833b"
  integrity sha512-qI/3lziaPMSKsrwlxH/xMgikhQ0EGOX2ICU73Bi/YHFvz2j/yMCIrw4+puF2IpQ4+upd3EWbvnHM9+PnJn48YA==
  dependencies:
    "@types/trusted-types" "^2.0.2"

lit@^3.2.1:
  version "3.2.1"
  resolved "https://registry.yarnpkg.com/lit/-/lit-3.2.1.tgz#d6dd15eac20db3a098e81e2c85f70a751ff55592"
  integrity sha512-1BBa1E/z0O9ye5fZprPtdqnc0BFzxIxTTOO/tQFmyC/hj1O3jL4TfmLBw0WEwjAokdLwpclkvGgDJwTIh0/22w==
  dependencies:
    "@lit/reactive-element" "^2.0.4"
    lit-element "^4.1.0"
    lit-html "^3.2.0"
